
Microsoft Visual Studio Solution File, Format Version 12.00
# Visual Studio Version 16
VisualStudioVersion = 16.0.33529.622
MinimumVisualStudioVersion = 10.0.40219.1
Project("{FAE04EC0-301F-11D3-BF4B-00C04F79EFBC}") = "MultiThreading", "MultiThreading\MultiThreading.csproj", "{8DFFAFC3-C6D4-45BD-B017-1B59A41B7B94}"
EndProject
Global
	GlobalSection(SolutionConfigurationPlatforms) = preSolution
		Debug|Any CPU = Debug|Any CPU
		Release|Any CPU = Release|Any CPU
	EndGlobalSection
	GlobalSection(ProjectConfigurationPlatforms) = postSolution
		{8DFFAFC3-C6D4-45BD-B017-1B59A41B7B94}.Debug|Any CPU.ActiveCfg = Debug|Any CPU
		{8DFFAFC3-C6D4-45BD-B017-1B59A41B7B94}.Debug|Any CPU.Build.0 = Debug|Any CPU
		{8DFFAFC3-C6D4-45BD-B017-1B59A41B7B94}.Release|Any CPU.ActiveCfg = Release|Any CPU
		{8DFFAFC3-C6D4-45BD-B017-1B59A41B7B94}.Release|Any CPU.Build.0 = Release|Any CPU
	EndGlobalSection
	GlobalSection(SolutionProperties) = preSolution
		HideSolutionNode = FALSE
	EndGlobalSection
	GlobalSection(ExtensibilityGlobals) = postSolution
		SolutionGuid = {84212963-87A6-4640-8793-9123A7436271}
	EndGlobalSection
EndGlobal
